
Microsoft Visual Studio Solution File, Format Version 12.00
# Visual Studio Version 17
VisualStudioVersion = 17.10.34916.146
MinimumVisualStudioVersion = 10.0.40219.1
Project("{9A19103F-16F7-4668-BE54-9A1E7A4F7556}") = "NotificationService", "webHook\NotificationService.csproj", "{BD7AA03C-66F5-4B09-BEA8-ECD7DEC57C76}"
EndProject
Global
	GlobalSection(SolutionConfigurationPlatforms) = preSolution
		Debug|Any CPU = Debug|Any CPU
		Release|Any CPU = Release|Any CPU
	EndGlobalSection
	GlobalSection(ProjectConfigurationPlatforms) = postSolution
		{BD7AA03C-66F5-4B09-BEA8-ECD7DEC57C76}.Debug|Any CPU.ActiveCfg = Debug|Any CPU
		{BD7AA03C-66F5-4B09-BEA8-ECD7DEC57C76}.Debug|Any CPU.Build.0 = Debug|Any CPU
		{BD7AA03C-66F5-4B09-BEA8-ECD7DEC57C76}.Release|Any CPU.ActiveCfg = Release|Any CPU
		{BD7AA03C-66F5-4B09-BEA8-ECD7DEC57C76}.Release|Any CPU.Build.0 = Release|Any CPU
	EndGlobalSection
	GlobalSection(SolutionProperties) = preSolution
		HideSolutionNode = FALSE
	EndGlobalSection
	GlobalSection(ExtensibilityGlobals) = postSolution
		SolutionGuid = {986D0BD7-95CB-4244-A673-23573440246D}
	EndGlobalSection
EndGlobal
